// !$*UTF8*$!
{
	archiveVersion = 1;
	classes = {
	};
	objectVersion = 50;
	objects = {

/* Begin PBXBuildFile section */
		6625DE4526916D670036A025 /* ItemButtonStyle.swift in Sources */ = {isa = PBXBuildFile; fileRef = 6625DE4426916D670036A025 /* ItemButtonStyle.swift */; };
		6692EC772692942700E6053B /* Delegate.swift in Sources */ = {isa = PBXBuildFile; fileRef = 6692EC762692942700E6053B /* Delegate.swift */; };
		66A75F18268FE02300F5A2CC /* LocationHelper.swift in Sources */ = {isa = PBXBuildFile; fileRef = 66A75F17268FE02300F5A2CC /* LocationHelper.swift */; };
		66A75F1C268FE28300F5A2CC /* CloudKit.framework in Frameworks */ = {isa = PBXBuildFile; fileRef = 66A75F1B268FE28300F5A2CC /* CloudKit.framework */; };
		66A75F1E268FE3EF00F5A2CC /* MapKit.framework in Frameworks */ = {isa = PBXBuildFile; fileRef = 66A75F1D268FE3EF00F5A2CC /* MapKit.framework */; };
		66B93218269E8F0B00BE1B82 /* Blue@2x.png in Resources */ = {isa = PBXBuildFile; fileRef = 66B93216269E8F0B00BE1B82 /* Blue@2x.png */; };
		66B93219269E8F0B00BE1B82 /* Blue@1x.png in Resources */ = {isa = PBXBuildFile; fileRef = 66B93217269E8F0B00BE1B82 /* Blue@1x.png */; };
		66B9321B269E8F1700BE1B82 /* Blue@3x.png in Resources */ = {isa = PBXBuildFile; fileRef = 66B9321A269E8F1700BE1B82 /* Blue@3x.png */; };
		66B9321F269E8F4600BE1B82 /* Green@1x.png in Resources */ = {isa = PBXBuildFile; fileRef = 66B9321C269E8F4600BE1B82 /* Green@1x.png */; };
		66B93220269E8F4600BE1B82 /* Green@2x.png in Resources */ = {isa = PBXBuildFile; fileRef = 66B9321D269E8F4600BE1B82 /* Green@2x.png */; };
		66B93221269E8F4600BE1B82 /* Green@3x.png in Resources */ = {isa = PBXBuildFile; fileRef = 66B9321E269E8F4600BE1B82 /* Green@3x.png */; };
		66C7CC6126DAB468005DA29C /* AcknowledgeView.swift in Sources */ = {isa = PBXBuildFile; fileRef = 66C7CC6026DAB468005DA29C /* AcknowledgeView.swift */; };
		66C7CC6326DAB4C8005DA29C /* SheetView.swift in Sources */ = {isa = PBXBuildFile; fileRef = 66C7CC6226DAB4C8005DA29C /* SheetView.swift */; };
		66D28F7E26D34F4E00441275 /* DataView.swift in Sources */ = {isa = PBXBuildFile; fileRef = 66D28F7C26D34F4E00441275 /* DataView.swift */; };
		66D28F7F26D34F4E00441275 /* ConfigView.swift in Sources */ = {isa = PBXBuildFile; fileRef = 66D28F7D26D34F4E00441275 /* ConfigView.swift */; };
		66D28F8126D722D400441275 /* Sheet.swift in Sources */ = {isa = PBXBuildFile; fileRef = 66D28F8026D722D400441275 /* Sheet.swift */; };
		66D28F8326D7233C00441275 /* SheetData.swift in Sources */ = {isa = PBXBuildFile; fileRef = 66D28F8226D7233C00441275 /* SheetData.swift */; };
		66E1BB5C2675CBA5008D88C8 /* AppView.swift in Sources */ = {isa = PBXBuildFile; fileRef = 66E1BB5B2675CBA5008D88C8 /* AppView.swift */; };
		66E2631026DAE5A900D5069C /* LICENSE in Resources */ = {isa = PBXBuildFile; fileRef = 66E2630F26DAE5A900D5069C /* LICENSE */; };
		C20D77EE24B665D7002E7AEA /* BacktrackApp.swift in Sources */ = {isa = PBXBuildFile; fileRef = C20D77ED24B665D7002E7AEA /* BacktrackApp.swift */; };
		C20D77F224B665D8002E7AEA /* Assets.xcassets in Resources */ = {isa = PBXBuildFile; fileRef = C20D77F124B665D8002E7AEA /* Assets.xcassets */; };
		C20D77F524B665D8002E7AEA /* Preview Assets.xcassets in Resources */ = {isa = PBXBuildFile; fileRef = C20D77F424B665D8002E7AEA /* Preview Assets.xcassets */; };
		C20D77FF24B67FB3002E7AEA /* MapView.swift in Sources */ = {isa = PBXBuildFile; fileRef = C20D77FE24B67FB3002E7AEA /* MapView.swift */; };
		C20D780524B684EC002E7AEA /* ModelData.swift in Sources */ = {isa = PBXBuildFile; fileRef = C20D780424B684EC002E7AEA /* ModelData.swift */; };
		C20D780724B685AC002E7AEA /* sheetData.json in Resources */ = {isa = PBXBuildFile; fileRef = C20D780624B685AC002E7AEA /* sheetData.json */; };
/* End PBXBuildFile section */

/* Begin PBXFileReference section */
		6625DE4426916D670036A025 /* ItemButtonStyle.swift */ = {isa = PBXFileReference; lastKnownFileType = sourcecode.swift; path = ItemButtonStyle.swift; sourceTree = "<group>"; };
		6692EC762692942700E6053B /* Delegate.swift */ = {isa = PBXFileReference; lastKnownFileType = sourcecode.swift; path = Delegate.swift; sourceTree = "<group>"; };
		66A75F17268FE02300F5A2CC /* LocationHelper.swift */ = {isa = PBXFileReference; lastKnownFileType = sourcecode.swift; path = LocationHelper.swift; sourceTree = "<group>"; };
		66A75F19268FE27C00F5A2CC /* Backtrack.entitlements */ = {isa = PBXFileReference; lastKnownFileType = text.plist.entitlements; path = Backtrack.entitlements; sourceTree = "<group>"; };
		66A75F1B268FE28300F5A2CC /* CloudKit.framework */ = {isa = PBXFileReference; lastKnownFileType = wrapper.framework; name = CloudKit.framework; path = System/Library/Frameworks/CloudKit.framework; sourceTree = SDKROOT; };
		66A75F1D268FE3EF00F5A2CC /* MapKit.framework */ = {isa = PBXFileReference; lastKnownFileType = wrapper.framework; name = MapKit.framework; path = System/Library/Frameworks/MapKit.framework; sourceTree = SDKROOT; };
		66B93216269E8F0B00BE1B82 /* Blue@2x.png */ = {isa = PBXFileReference; lastKnownFileType = image.png; path = "Blue@2x.png"; sourceTree = "<group>"; };
		66B93217269E8F0B00BE1B82 /* Blue@1x.png */ = {isa = PBXFileReference; lastKnownFileType = image.png; path = "Blue@1x.png"; sourceTree = "<group>"; };
		66B9321A269E8F1700BE1B82 /* Blue@3x.png */ = {isa = PBXFileReference; lastKnownFileType = image.png; path = "Blue@3x.png"; sourceTree = "<group>"; };
		66B9321C269E8F4600BE1B82 /* Green@1x.png */ = {isa = PBXFileReference; lastKnownFileType = image.png; path = "Green@1x.png"; sourceTree = "<group>"; };
		66B9321D269E8F4600BE1B82 /* Green@2x.png */ = {isa = PBXFileReference; lastKnownFileType = image.png; path = "Green@2x.png"; sourceTree = "<group>"; };
		66B9321E269E8F4600BE1B82 /* Green@3x.png */ = {isa = PBXFileReference; lastKnownFileType = image.png; path = "Green@3x.png"; sourceTree = "<group>"; };
		66C7CC6026DAB468005DA29C /* AcknowledgeView.swift */ = {isa = PBXFileReference; lastKnownFileType = sourcecode.swift; path = AcknowledgeView.swift; sourceTree = "<group>"; };
		66C7CC6226DAB4C8005DA29C /* SheetView.swift */ = {isa = PBXFileReference; lastKnownFileType = sourcecode.swift; path = SheetView.swift; sourceTree = "<group>"; };
		66D28F7C26D34F4E00441275 /* DataView.swift */ = {isa = PBXFileReference; fileEncoding = 4; lastKnownFileType = sourcecode.swift; path = DataView.swift; sourceTree = "<group>"; };
		66D28F7D26D34F4E00441275 /* ConfigView.swift */ = {isa = PBXFileReference; fileEncoding = 4; lastKnownFileType = sourcecode.swift; path = ConfigView.swift; sourceTree = "<group>"; };
		66D28F8026D722D400441275 /* Sheet.swift */ = {isa = PBXFileReference; lastKnownFileType = sourcecode.swift; path = Sheet.swift; sourceTree = "<group>"; };
		66D28F8226D7233C00441275 /* SheetData.swift */ = {isa = PBXFileReference; lastKnownFileType = sourcecode.swift; path = SheetData.swift; sourceTree = "<group>"; };
		66E1BB5B2675CBA5008D88C8 /* AppView.swift */ = {isa = PBXFileReference; fileEncoding = 4; lastKnownFileType = sourcecode.swift; path = AppView.swift; sourceTree = "<group>"; };
		66E2630F26DAE5A900D5069C /* LICENSE */ = {isa = PBXFileReference; fileEncoding = 4; lastKnownFileType = text; name = LICENSE; path = Backtrack/LICENSE; sourceTree = SOURCE_ROOT; };
		C20D77EA24B665D7002E7AEA /* Backtrack.app */ = {isa = PBXFileReference; explicitFileType = wrapper.application; includeInIndex = 0; path = Backtrack.app; sourceTree = BUILT_PRODUCTS_DIR; };
		C20D77ED24B665D7002E7AEA /* BacktrackApp.swift */ = {isa = PBXFileReference; lastKnownFileType = sourcecode.swift; path = BacktrackApp.swift; sourceTree = "<group>"; };
		C20D77F124B665D8002E7AEA /* Assets.xcassets */ = {isa = PBXFileReference; lastKnownFileType = folder.assetcatalog; path = Assets.xcassets; sourceTree = "<group>"; };
		C20D77F424B665D8002E7AEA /* Preview Assets.xcassets */ = {isa = PBXFileReference; lastKnownFileType = folder.assetcatalog; path = "Preview Assets.xcassets"; sourceTree = "<group>"; };
		C20D77F624B665D8002E7AEA /* Info.plist */ = {isa = PBXFileReference; lastKnownFileType = text.plist.xml; path = Info.plist; sourceTree = "<group>"; };
		C20D77FE24B67FB3002E7AEA /* MapView.swift */ = {isa = PBXFileReference; lastKnownFileType = sourcecode.swift; path = MapView.swift; sourceTree = "<group>"; };
		C20D780424B684EC002E7AEA /* ModelData.swift */ = {isa = PBXFileReference; lastKnownFileType = sourcecode.swift; path = ModelData.swift; sourceTree = "<group>"; };
		C20D780624B685AC002E7AEA /* sheetData.json */ = {isa = PBXFileReference; lastKnownFileType = text.json; path = sheetData.json; sourceTree = "<group>"; };
		C2AC4E9B24DE2936005E019B /* README.md */ = {isa = PBXFileReference; lastKnownFileType = net.daringfireball.markdown; path = README.md; sourceTree = "<group>"; };
/* End PBXFileReference section */

/* Begin PBXFrameworksBuildPhase section */
		C20D77E724B665D7002E7AEA /* Frameworks */ = {
			isa = PBXFrameworksBuildPhase;
			buildActionMask = 2147483647;
			files = (
				66A75F1E268FE3EF00F5A2CC /* MapKit.framework in Frameworks */,
				66A75F1C268FE28300F5A2CC /* CloudKit.framework in Frameworks */,
			);
			runOnlyForDeploymentPostprocessing = 0;
		};
/* End PBXFrameworksBuildPhase section */

/* Begin PBXGroup section */
		66A75F1A268FE28300F5A2CC /* Frameworks */ = {
			isa = PBXGroup;
			children = (
				66A75F1D268FE3EF00F5A2CC /* MapKit.framework */,
				66A75F1B268FE28300F5A2CC /* CloudKit.framework */,
			);
			name = Frameworks;
			sourceTree = "<group>";
		};
		66B93215269E8E1400BE1B82 /* Icons */ = {
			isa = PBXGroup;
			children = (
				66B93217269E8F0B00BE1B82 /* Blue@1x.png */,
				66B93216269E8F0B00BE1B82 /* Blue@2x.png */,
				66B9321A269E8F1700BE1B82 /* Blue@3x.png */,
				66B9321C269E8F4600BE1B82 /* Green@1x.png */,
				66B9321D269E8F4600BE1B82 /* Green@2x.png */,
				66B9321E269E8F4600BE1B82 /* Green@3x.png */,
			);
			path = Icons;
			sourceTree = "<group>";
		};
		C20D77E124B665D7002E7AEA = {
			isa = PBXGroup;
			children = (
				C2AC4E9B24DE2936005E019B /* README.md */,
				C20D77EC24B665D7002E7AEA /* Backtrack */,
				C20D77EB24B665D7002E7AEA /* Products */,
				66A75F1A268FE28300F5A2CC /* Frameworks */,
			);
			sourceTree = "<group>";
		};
		C20D77EB24B665D7002E7AEA /* Products */ = {
			isa = PBXGroup;
			children = (
				C20D77EA24B665D7002E7AEA /* Backtrack.app */,
			);
			name = Products;
			sourceTree = "<group>";
		};
		C20D77EC24B665D7002E7AEA /* Backtrack */ = {
			isa = PBXGroup;
			children = (
				66B93215269E8E1400BE1B82 /* Icons */,
				66A75F19268FE27C00F5A2CC /* Backtrack.entitlements */,
				C20D77ED24B665D7002E7AEA /* BacktrackApp.swift */,
				C2FEB33624B7C9DA004FAB73 /* Views */,
				C20D780824B685C4002E7AEA /* Model */,
				C20D780924B685CB002E7AEA /* Resources */,
				C20D77F124B665D8002E7AEA /* Assets.xcassets */,
				C20D77F624B665D8002E7AEA /* Info.plist */,
				C20D77F324B665D8002E7AEA /* Preview Content */,
				66E2630F26DAE5A900D5069C /* LICENSE */,
			);
			path = Backtrack;
			sourceTree = "<group>";
		};
		C20D77F324B665D8002E7AEA /* Preview Content */ = {
			isa = PBXGroup;
			children = (
				C20D77F424B665D8002E7AEA /* Preview Assets.xcassets */,
			);
			path = "Preview Content";
			sourceTree = "<group>";
		};
		C20D780824B685C4002E7AEA /* Model */ = {
			isa = PBXGroup;
			children = (
				C20D780424B684EC002E7AEA /* ModelData.swift */,
				66A75F17268FE02300F5A2CC /* LocationHelper.swift */,
				6692EC762692942700E6053B /* Delegate.swift */,
				66D28F8026D722D400441275 /* Sheet.swift */,
				66D28F8226D7233C00441275 /* SheetData.swift */,
			);
			path = Model;
			sourceTree = "<group>";
		};
		C20D780924B685CB002E7AEA /* Resources */ = {
			isa = PBXGroup;
			children = (
				C20D780624B685AC002E7AEA /* sheetData.json */,
			);
			path = Resources;
			sourceTree = "<group>";
		};
		C2C583BE24DB80C300DD0019 /* Helpers */ = {
			isa = PBXGroup;
			children = (
				C20D77FE24B67FB3002E7AEA /* MapView.swift */,
				6625DE4426916D670036A025 /* ItemButtonStyle.swift */,
			);
			path = Helpers;
			sourceTree = "<group>";
		};
		C2FEB33624B7C9DA004FAB73 /* Views */ = {
			isa = PBXGroup;
			children = (
				66D28F7D26D34F4E00441275 /* ConfigView.swift */,
				66D28F7C26D34F4E00441275 /* DataView.swift */,
				66E1BB5B2675CBA5008D88C8 /* AppView.swift */,
				66C7CC6226DAB4C8005DA29C /* SheetView.swift */,
				66C7CC6026DAB468005DA29C /* AcknowledgeView.swift */,
				C2C583BE24DB80C300DD0019 /* Helpers */,
			);
			path = Views;
			sourceTree = "<group>";
		};
/* End PBXGroup section */

/* Begin PBXNativeTarget section */
		C20D77E924B665D7002E7AEA /* Backtrack */ = {
			isa = PBXNativeTarget;
			buildConfigurationList = C20D77F924B665D8002E7AEA /* Build configuration list for PBXNativeTarget "Backtrack" */;
			buildPhases = (
				C20D77E624B665D7002E7AEA /* Sources */,
				C20D77E724B665D7002E7AEA /* Frameworks */,
				C20D77E824B665D7002E7AEA /* Resources */,
			);
			buildRules = (
			);
			dependencies = (
			);
			name = Backtrack;
			productName = Landmarks;
			productReference = C20D77EA24B665D7002E7AEA /* Backtrack.app */;
			productType = "com.apple.product-type.application";
		};
/* End PBXNativeTarget section */

/* Begin PBXProject section */
		C20D77E224B665D7002E7AEA /* Project object */ = {
			isa = PBXProject;
			attributes = {
				LastSwiftUpdateCheck = 1200;
				LastUpgradeCheck = 1200;
				ORGANIZATIONNAME = Apple;
				TargetAttributes = {
					C20D77E924B665D7002E7AEA = {
						CreatedOnToolsVersion = 12.0;
						LastSwiftMigration = 1250;
					};
				};
			};
			buildConfigurationList = C20D77E524B665D7002E7AEA /* Build configuration list for PBXProject "Backtrack" */;
			compatibilityVersion = "Xcode 9.3";
			developmentRegion = en;
			hasScannedForEncodings = 0;
			knownRegions = (
				en,
				Base,
			);
			mainGroup = C20D77E124B665D7002E7AEA;
			productRefGroup = C20D77EB24B665D7002E7AEA /* Products */;
			projectDirPath = "";
			projectRoot = "";
			targets = (
				C20D77E924B665D7002E7AEA /* Backtrack */,
			);
		};
/* End PBXProject section */

/* Begin PBXResourcesBuildPhase section */
		C20D77E824B665D7002E7AEA /* Resources */ = {
			isa = PBXResourcesBuildPhase;
			buildActionMask = 2147483647;
			files = (
				66B9321F269E8F4600BE1B82 /* Green@1x.png in Resources */,
				66B93218269E8F0B00BE1B82 /* Blue@2x.png in Resources */,
				66B93221269E8F4600BE1B82 /* Green@3x.png in Resources */,
				66B93220269E8F4600BE1B82 /* Green@2x.png in Resources */,
				66E2631026DAE5A900D5069C /* LICENSE in Resources */,
				66B93219269E8F0B00BE1B82 /* Blue@1x.png in Resources */,
				C20D77F524B665D8002E7AEA /* Preview Assets.xcassets in Resources */,
				66B9321B269E8F1700BE1B82 /* Blue@3x.png in Resources */,
				C20D77F224B665D8002E7AEA /* Assets.xcassets in Resources */,
				C20D780724B685AC002E7AEA /* sheetData.json in Resources */,
			);
			runOnlyForDeploymentPostprocessing = 0;
		};
/* End PBXResourcesBuildPhase section */

/* Begin PBXSourcesBuildPhase section */
		C20D77E624B665D7002E7AEA /* Sources */ = {
			isa = PBXSourcesBuildPhase;
			buildActionMask = 2147483647;
			files = (
				66D28F8126D722D400441275 /* Sheet.swift in Sources */,
				6625DE4526916D670036A025 /* ItemButtonStyle.swift in Sources */,
				66A75F18268FE02300F5A2CC /* LocationHelper.swift in Sources */,
				C20D780524B684EC002E7AEA /* ModelData.swift in Sources */,
				C20D77FF24B67FB3002E7AEA /* MapView.swift in Sources */,
				66C7CC6126DAB468005DA29C /* AcknowledgeView.swift in Sources */,
				6692EC772692942700E6053B /* Delegate.swift in Sources */,
				66D28F7F26D34F4E00441275 /* ConfigView.swift in Sources */,
				66E1BB5C2675CBA5008D88C8 /* AppView.swift in Sources */,
				66C7CC6326DAB4C8005DA29C /* SheetView.swift in Sources */,
				C20D77EE24B665D7002E7AEA /* BacktrackApp.swift in Sources */,
				66D28F7E26D34F4E00441275 /* DataView.swift in Sources */,
				66D28F8326D7233C00441275 /* SheetData.swift in Sources */,
			);
			runOnlyForDeploymentPostprocessing = 0;
		};
/* End PBXSourcesBuildPhase section */

/* Begin XCBuildConfiguration section */
		C20D77F724B665D8002E7AEA /* Debug */ = {
			isa = XCBuildConfiguration;
			buildSettings = {
				ALWAYS_SEARCH_USER_PATHS = NO;
				CLANG_ANALYZER_NONNULL = YES;
				CLANG_ANALYZER_NUMBER_OBJECT_CONVERSION = YES_AGGRESSIVE;
				CLANG_CXX_LANGUAGE_STANDARD = "gnu++14";
				CLANG_CXX_LIBRARY = "libc++";
				CLANG_ENABLE_MODULES = YES;
				CLANG_ENABLE_OBJC_ARC = YES;
				CLANG_ENABLE_OBJC_WEAK = YES;
				CLANG_WARN_BLOCK_CAPTURE_AUTORELEASING = YES;
				CLANG_WARN_BOOL_CONVERSION = YES;
				CLANG_WARN_COMMA = YES;
				CLANG_WARN_CONSTANT_CONVERSION = YES;
				CLANG_WARN_DEPRECATED_OBJC_IMPLEMENTATIONS = YES;
				CLANG_WARN_DIRECT_OBJC_ISA_USAGE = YES_ERROR;
				CLANG_WARN_DOCUMENTATION_COMMENTS = YES;
				CLANG_WARN_EMPTY_BODY = YES;
				CLANG_WARN_ENUM_CONVERSION = YES;
				CLANG_WARN_INFINITE_RECURSION = YES;
				CLANG_WARN_INT_CONVERSION = YES;
				CLANG_WARN_NON_LITERAL_NULL_CONVERSION = YES;
				CLANG_WARN_OBJC_IMPLICIT_RETAIN_SELF = YES;
				CLANG_WARN_OBJC_LITERAL_CONVERSION = YES;
				CLANG_WARN_OBJC_ROOT_CLASS = YES_ERROR;
				CLANG_WARN_QUOTED_INCLUDE_IN_FRAMEWORK_HEADER = YES;
				CLANG_WARN_RANGE_LOOP_ANALYSIS = YES;
				CLANG_WARN_STRICT_PROTOTYPES = YES;
				CLANG_WARN_SUSPICIOUS_MOVE = YES;
				CLANG_WARN_UNGUARDED_AVAILABILITY = YES_AGGRESSIVE;
				CLANG_WARN_UNREACHABLE_CODE = YES;
				CLANG_WARN__DUPLICATE_METHOD_MATCH = YES;
				COPY_PHASE_STRIP = NO;
				DEBUG_INFORMATION_FORMAT = dwarf;
				ENABLE_STRICT_OBJC_MSGSEND = YES;
				ENABLE_TESTABILITY = YES;
				GCC_C_LANGUAGE_STANDARD = gnu11;
				GCC_DYNAMIC_NO_PIC = NO;
				GCC_NO_COMMON_BLOCKS = YES;
				GCC_OPTIMIZATION_LEVEL = 0;
				GCC_PREPROCESSOR_DEFINITIONS = (
					"DEBUG=1",
					"$(inherited)",
				);
				GCC_WARN_64_TO_32_BIT_CONVERSION = YES;
				GCC_WARN_ABOUT_RETURN_TYPE = YES_ERROR;
				GCC_WARN_UNDECLARED_SELECTOR = YES;
				GCC_WARN_UNINITIALIZED_AUTOS = YES_AGGRESSIVE;
				GCC_WARN_UNUSED_FUNCTION = YES;
				GCC_WARN_UNUSED_VARIABLE = YES;
				IPHONEOS_DEPLOYMENT_TARGET = 14.0;
				MTL_ENABLE_DEBUG_INFO = INCLUDE_SOURCE;
				MTL_FAST_MATH = YES;
				ONLY_ACTIVE_ARCH = YES;
				SDKROOT = iphoneos;
				SWIFT_ACTIVE_COMPILATION_CONDITIONS = DEBUG;
				SWIFT_OPTIMIZATION_LEVEL = "-Onone";
			};
			name = Debug;
		};
		C20D77F824B665D8002E7AEA /* Release */ = {
			isa = XCBuildConfiguration;
			buildSettings = {
				ALWAYS_SEARCH_USER_PATHS = NO;
				CLANG_ANALYZER_NONNULL = YES;
				CLANG_ANALYZER_NUMBER_OBJECT_CONVERSION = YES_AGGRESSIVE;
				CLANG_CXX_LANGUAGE_STANDARD = "gnu++14";
				CLANG_CXX_LIBRARY = "libc++";
				CLANG_ENABLE_MODULES = YES;
				CLANG_ENABLE_OBJC_ARC = YES;
				CLANG_ENABLE_OBJC_WEAK = YES;
				CLANG_WARN_BLOCK_CAPTURE_AUTORELEASING = YES;
				CLANG_WARN_BOOL_CONVERSION = YES;
				CLANG_WARN_COMMA = YES;
				CLANG_WARN_CONSTANT_CONVERSION = YES;
				CLANG_WARN_DEPRECATED_OBJC_IMPLEMENTATIONS = YES;
				CLANG_WARN_DIRECT_OBJC_ISA_USAGE = YES_ERROR;
				CLANG_WARN_DOCUMENTATION_COMMENTS = YES;
				CLANG_WARN_EMPTY_BODY = YES;
				CLANG_WARN_ENUM_CONVERSION = YES;
				CLANG_WARN_INFINITE_RECURSION = YES;
				CLANG_WARN_INT_CONVERSION = YES;
				CLANG_WARN_NON_LITERAL_NULL_CONVERSION = YES;
				CLANG_WARN_OBJC_IMPLICIT_RETAIN_SELF = YES;
				CLANG_WARN_OBJC_LITERAL_CONVERSION = YES;
				CLANG_WARN_OBJC_ROOT_CLASS = YES_ERROR;
				CLANG_WARN_QUOTED_INCLUDE_IN_FRAMEWORK_HEADER = YES;
				CLANG_WARN_RANGE_LOOP_ANALYSIS = YES;
				CLANG_WARN_STRICT_PROTOTYPES = YES;
				CLANG_WARN_SUSPICIOUS_MOVE = YES;
				CLANG_WARN_UNGUARDED_AVAILABILITY = YES_AGGRESSIVE;
				CLANG_WARN_UNREACHABLE_CODE = YES;
				CLANG_WARN__DUPLICATE_METHOD_MATCH = YES;
				COPY_PHASE_STRIP = NO;
				DEBUG_INFORMATION_FORMAT = "dwarf-with-dsym";
				ENABLE_NS_ASSERTIONS = NO;
				ENABLE_STRICT_OBJC_MSGSEND = YES;
				GCC_C_LANGUAGE_STANDARD = gnu11;
				GCC_NO_COMMON_BLOCKS = YES;
				GCC_WARN_64_TO_32_BIT_CONVERSION = YES;
				GCC_WARN_ABOUT_RETURN_TYPE = YES_ERROR;
				GCC_WARN_UNDECLARED_SELECTOR = YES;
				GCC_WARN_UNINITIALIZED_AUTOS = YES_AGGRESSIVE;
				GCC_WARN_UNUSED_FUNCTION = YES;
				GCC_WARN_UNUSED_VARIABLE = YES;
				IPHONEOS_DEPLOYMENT_TARGET = 14.0;
				MTL_ENABLE_DEBUG_INFO = NO;
				MTL_FAST_MATH = YES;
				SDKROOT = iphoneos;
				SWIFT_COMPILATION_MODE = wholemodule;
				SWIFT_OPTIMIZATION_LEVEL = "-O";
				VALIDATE_PRODUCT = YES;
			};
			name = Release;
		};
		C20D77FA24B665D8002E7AEA /* Debug */ = {
			isa = XCBuildConfiguration;
			buildSettings = {
				ASSETCATALOG_COMPILER_APPICON_NAME = AppIcon;
				ASSETCATALOG_COMPILER_GLOBAL_ACCENT_COLOR_NAME = AccentColor;
				CLANG_ENABLE_MODULES = YES;
				CODE_SIGN_ENTITLEMENTS = Backtrack/Backtrack.entitlements;
				CODE_SIGN_STYLE = Automatic;
				CURRENT_PROJECT_VERSION = 8.31.21;
				DEVELOPMENT_ASSET_PATHS = "\"Backtrack/Preview Content\"";
				DEVELOPMENT_TEAM = FSMP3T4UP6;
				ENABLE_PREVIEWS = YES;
				INFOPLIST_FILE = Backtrack/Info.plist;
				IPHONEOS_DEPLOYMENT_TARGET = 14.0;
				LD_RUNPATH_SEARCH_PATHS = (
					"$(inherited)",
					"@executable_path/Frameworks",
				);
				MARKETING_VERSION = 1.0;
				PRODUCT_BUNDLE_IDENTIFIER = com.adamlechowicz.Backtrack;
				PRODUCT_NAME = "$(TARGET_NAME)";
				PROVISIONING_PROFILE_SPECIFIER = "";
				SWIFT_OPTIMIZATION_LEVEL = "-Onone";
				SWIFT_VERSION = 5.0;
				TARGETED_DEVICE_FAMILY = 1;
			};
			name = Debug;
		};
		C20D77FB24B665D8002E7AEA /* Release */ = {
			isa = XCBuildConfiguration;
			buildSettings = {
				ASSETCATALOG_COMPILER_APPICON_NAME = AppIcon;
				ASSETCATALOG_COMPILER_GLOBAL_ACCENT_COLOR_NAME = AccentColor;
				CLANG_ENABLE_MODULES = YES;
				CODE_SIGN_ENTITLEMENTS = Backtrack/Backtrack.entitlements;
				CODE_SIGN_STYLE = Automatic;
				CURRENT_PROJECT_VERSION = 8.31.21;
				DEVELOPMENT_ASSET_PATHS = "\"Backtrack/Preview Content\"";
				DEVELOPMENT_TEAM = FSMP3T4UP6;
				ENABLE_PREVIEWS = YES;
				INFOPLIST_FILE = Backtrack/Info.plist;
				IPHONEOS_DEPLOYMENT_TARGET = 14.0;
				LD_RUNPATH_SEARCH_PATHS = (
					"$(inherited)",
					"@executable_path/Frameworks",
				);
				MARKETING_VERSION = 1.0;
				PRODUCT_BUNDLE_IDENTIFIER = com.adamlechowicz.Backtrack;
				PRODUCT_NAME = "$(TARGET_NAME)";
				PROVISIONING_PROFILE_SPECIFIER = "";
				SWIFT_VERSION = 5.0;
				TARGETED_DEVICE_FAMILY = 1;
			};
			name = Release;
		};
/* End XCBuildConfiguration section */

/* Begin XCConfigurationList section */
		C20D77E524B665D7002E7AEA /* Build configuration list for PBXProject "Backtrack" */ = {
			isa = XCConfigurationList;
			buildConfigurations = (
				C20D77F724B665D8002E7AEA /* Debug */,
				C20D77F824B665D8002E7AEA /* Release */,
			);
			defaultConfigurationIsVisible = 0;
			defaultConfigurationName = Release;
		};
		C20D77F924B665D8002E7AEA /* Build configuration list for PBXNativeTarget "Backtrack" */ = {
			isa = XCConfigurationList;
			buildConfigurations = (
				C20D77FA24B665D8002E7AEA /* Debug */,
				C20D77FB24B665D8002E7AEA /* Release */,
			);
			defaultConfigurationIsVisible = 0;
			defaultConfigurationName = Release;
		};
/* End XCConfigurationList section */
	};
	rootObject = C20D77E224B665D7002E7AEA /* Project object */;
}
